
Microsoft Visual Studio Solution File, Format Version 12.00
# Visual Studio Version 17
VisualStudioVersion = 17.2.32616.157
MinimumVisualStudioVersion = 10.0.40219.1
Project("{FAE04EC0-301F-11D3-BF4B-00C04F79EFBC}") = "Database", "Database.csproj", "{FAC8A1BD-1A91-4FDA-9B86-314B729EAEDE}"
EndProject
Global
	GlobalSection(SolutionConfigurationPlatforms) = preSolution
		Debug|Any CPU = Debug|Any CPU
		Release|Any CPU = Release|Any CPU
	EndGlobalSection
	GlobalSection(ProjectConfigurationPlatforms) = postSolution
		{FAC8A1BD-1A91-4FDA-9B86-314B729EAEDE}.Debug|Any CPU.ActiveCfg = Debug|Any CPU
		{FAC8A1BD-1A91-4FDA-9B86-314B729EAEDE}.Debug|Any CPU.Build.0 = Debug|Any CPU
		{FAC8A1BD-1A91-4FDA-9B86-314B729EAEDE}.Release|Any CPU.ActiveCfg = Release|Any CPU
		{FAC8A1BD-1A91-4FDA-9B86-314B729EAEDE}.Release|Any CPU.Build.0 = Release|Any CPU
	EndGlobalSection
	GlobalSection(SolutionProperties) = preSolution
		HideSolutionNode = FALSE
	EndGlobalSection
	GlobalSection(ExtensibilityGlobals) = postSolution
		SolutionGuid = {C2FC60D6-F1BE-45D8-AC27-466759A55EB1}
	EndGlobalSection
EndGlobal
