
Microsoft Visual Studio Solution File, Format Version 12.00
# Visual Studio Version 17
VisualStudioVersion = 17.2.32616.157
MinimumVisualStudioVersion = 10.0.40219.1
Project("{FAE04EC0-301F-11D3-BF4B-00C04F79EFBC}") = "Jesus-Martin-Consigna-1", "Jesus-Martin-Consigna-1.csproj", "{0047DCDC-DC60-43CF-89BB-25021201EFCB}"
EndProject
Global
	GlobalSection(SolutionConfigurationPlatforms) = preSolution
		Debug|Any CPU = Debug|Any CPU
		Release|Any CPU = Release|Any CPU
	EndGlobalSection
	GlobalSection(ProjectConfigurationPlatforms) = postSolution
		{0047DCDC-DC60-43CF-89BB-25021201EFCB}.Debug|Any CPU.ActiveCfg = Debug|Any CPU
		{0047DCDC-DC60-43CF-89BB-25021201EFCB}.Debug|Any CPU.Build.0 = Debug|Any CPU
		{0047DCDC-DC60-43CF-89BB-25021201EFCB}.Release|Any CPU.ActiveCfg = Release|Any CPU
		{0047DCDC-DC60-43CF-89BB-25021201EFCB}.Release|Any CPU.Build.0 = Release|Any CPU
	EndGlobalSection
	GlobalSection(SolutionProperties) = preSolution
		HideSolutionNode = FALSE
	EndGlobalSection
	GlobalSection(ExtensibilityGlobals) = postSolution
		SolutionGuid = {6410607B-0CB4-4C9A-95DC-E4D4FEA71BED}
	EndGlobalSection
EndGlobal
