
Microsoft Visual Studio Solution File, Format Version 12.00
# Visual Studio Version 17
VisualStudioVersion = 17.2.32616.157
MinimumVisualStudioVersion = 10.0.40219.1
Project("{FAE04EC0-301F-11D3-BF4B-00C04F79EFBC}") = "HerenciaEjemplo", "HerenciaEjemplo.csproj", "{D5E90149-BB15-4730-9B09-BEE69A18012A}"
EndProject
Global
	GlobalSection(SolutionConfigurationPlatforms) = preSolution
		Debug|Any CPU = Debug|Any CPU
		Release|Any CPU = Release|Any CPU
	EndGlobalSection
	GlobalSection(ProjectConfigurationPlatforms) = postSolution
		{D5E90149-BB15-4730-9B09-BEE69A18012A}.Debug|Any CPU.ActiveCfg = Debug|Any CPU
		{D5E90149-BB15-4730-9B09-BEE69A18012A}.Debug|Any CPU.Build.0 = Debug|Any CPU
		{D5E90149-BB15-4730-9B09-BEE69A18012A}.Release|Any CPU.ActiveCfg = Release|Any CPU
		{D5E90149-BB15-4730-9B09-BEE69A18012A}.Release|Any CPU.Build.0 = Release|Any CPU
	EndGlobalSection
	GlobalSection(SolutionProperties) = preSolution
		HideSolutionNode = FALSE
	EndGlobalSection
	GlobalSection(ExtensibilityGlobals) = postSolution
		SolutionGuid = {10FA599B-0645-4D18-8729-F63EA9693D85}
	EndGlobalSection
EndGlobal
