
Microsoft Visual Studio Solution File, Format Version 12.00
# Visual Studio Version 17
VisualStudioVersion = 17.2.32616.157
MinimumVisualStudioVersion = 10.0.40219.1
Project("{FAE04EC0-301F-11D3-BF4B-00C04F79EFBC}") = "MiPrimeraAPI2", "MiPrimeraAPI2.csproj", "{6DAFB7A4-BF96-446D-8E8A-13F83E0F8985}"
EndProject
Global
	GlobalSection(SolutionConfigurationPlatforms) = preSolution
		Debug|Any CPU = Debug|Any CPU
		Release|Any CPU = Release|Any CPU
	EndGlobalSection
	GlobalSection(ProjectConfigurationPlatforms) = postSolution
		{6DAFB7A4-BF96-446D-8E8A-13F83E0F8985}.Debug|Any CPU.ActiveCfg = Debug|Any CPU
		{6DAFB7A4-BF96-446D-8E8A-13F83E0F8985}.Debug|Any CPU.Build.0 = Debug|Any CPU
		{6DAFB7A4-BF96-446D-8E8A-13F83E0F8985}.Release|Any CPU.ActiveCfg = Release|Any CPU
		{6DAFB7A4-BF96-446D-8E8A-13F83E0F8985}.Release|Any CPU.Build.0 = Release|Any CPU
	EndGlobalSection
	GlobalSection(SolutionProperties) = preSolution
		HideSolutionNode = FALSE
	EndGlobalSection
	GlobalSection(ExtensibilityGlobals) = postSolution
		SolutionGuid = {35D9187E-108C-47C1-9D59-6E742AFF435B}
	EndGlobalSection
EndGlobal
